
Microsoft Visual Studio Solution File, Format Version 11.00
# Visual Studio 2010
Project("{FAE04EC0-301F-11D3-BF4B-00C04F79EFBC}") = "Assembly-CSharp", "Assembly-CSharp.csproj", "{16e5e174-dfc5-6ac4-3ab1-aab5d4cd4c28}"
EndProject
Project("{FAE04EC0-301F-11D3-BF4B-00C04F79EFBC}") = "Assembly-CSharp-Editor", "Assembly-CSharp-Editor.csproj", "{0fe51d1e-3b1b-bd7a-b15c-f3b8afb47aef}"
EndProject
Global
	GlobalSection(SolutionConfigurationPlatforms) = preSolution
		Debug|Any CPU = Debug|Any CPU
	EndGlobalSection
	GlobalSection(ProjectConfigurationPlatforms) = postSolution
		{16e5e174-dfc5-6ac4-3ab1-aab5d4cd4c28}.Debug|Any CPU.ActiveCfg = Debug|Any CPU
		{16e5e174-dfc5-6ac4-3ab1-aab5d4cd4c28}.Debug|Any CPU.Build.0 = Debug|Any CPU
		{0fe51d1e-3b1b-bd7a-b15c-f3b8afb47aef}.Debug|Any CPU.ActiveCfg = Debug|Any CPU
		{0fe51d1e-3b1b-bd7a-b15c-f3b8afb47aef}.Debug|Any CPU.Build.0 = Debug|Any CPU
	EndGlobalSection
	GlobalSection(SolutionProperties) = preSolution
		HideSolutionNode = FALSE
	EndGlobalSection
EndGlobal
